
Microsoft Visual Studio Solution File, Format Version 12.00
# Visual Studio Version 17
VisualStudioVersion = 17.8.34330.188
MinimumVisualStudioVersion = 10.0.40219.1
Project("{FAE04EC0-301F-11D3-BF4B-00C04F79EFBC}") = "Library_Management", "Library_Management.csproj", "{462884AB-1742-47CA-8C2E-9B928468103C}"
EndProject
Global
	GlobalSection(SolutionConfigurationPlatforms) = preSolution
		Debug|Any CPU = Debug|Any CPU
		Release|Any CPU = Release|Any CPU
	EndGlobalSection
	GlobalSection(ProjectConfigurationPlatforms) = postSolution
		{462884AB-1742-47CA-8C2E-9B928468103C}.Debug|Any CPU.ActiveCfg = Debug|Any CPU
		{462884AB-1742-47CA-8C2E-9B928468103C}.Debug|Any CPU.Build.0 = Debug|Any CPU
		{462884AB-1742-47CA-8C2E-9B928468103C}.Release|Any CPU.ActiveCfg = Release|Any CPU
		{462884AB-1742-47CA-8C2E-9B928468103C}.Release|Any CPU.Build.0 = Release|Any CPU
	EndGlobalSection
	GlobalSection(SolutionProperties) = preSolution
		HideSolutionNode = FALSE
	EndGlobalSection
	GlobalSection(ExtensibilityGlobals) = postSolution
		SolutionGuid = {96F59D24-E138-4923-AF57-B15B64062B6E}
	EndGlobalSection
EndGlobal
